// !$*UTF8*$!
{
	archiveVersion = 1;
	classes = {
	};
	objectVersion = 52;
	objects = {

/* Begin PBXBuildFile section */
		D60A800225D4949500A92832 /* CounterAction.swift in Sources */ = {isa = PBXBuildFile; fileRef = D60A800125D4949500A92832 /* CounterAction.swift */; };
		D60A800425D494BD00A92832 /* CounterViewModel+ViewState.swift in Sources */ = {isa = PBXBuildFile; fileRef = D60A800325D494BD00A92832 /* CounterViewModel+ViewState.swift */; };
		D60A800625D494DB00A92832 /* CounterViewModel+ViewAction.swift in Sources */ = {isa = PBXBuildFile; fileRef = D60A800525D494DB00A92832 /* CounterViewModel+ViewAction.swift */; };
		D60A800A25D4977A00A92832 /* ShakeAction.swift in Sources */ = {isa = PBXBuildFile; fileRef = D60A800925D4977A00A92832 /* ShakeAction.swift */; };
		D60A800C25D497B900A92832 /* UIWindow+AttachGesture.swift in Sources */ = {isa = PBXBuildFile; fileRef = D60A800B25D497B900A92832 /* UIWindow+AttachGesture.swift */; };
		D60A800E25D497DE00A92832 /* NotificationName+ShakeGesture.swift in Sources */ = {isa = PBXBuildFile; fileRef = D60A800D25D497DE00A92832 /* NotificationName+ShakeGesture.swift */; };
		D60A801125D4987300A92832 /* AppLifecycleAction.swift in Sources */ = {isa = PBXBuildFile; fileRef = D60A801025D4987300A92832 /* AppLifecycleAction.swift */; };
		D60A801525D4994F00A92832 /* World.swift in Sources */ = {isa = PBXBuildFile; fileRef = D60A801425D4994F00A92832 /* World.swift */; };
		D60A801725D4997F00A92832 /* AppMiddleware.swift in Sources */ = {isa = PBXBuildFile; fileRef = D60A801625D4997F00A92832 /* AppMiddleware.swift */; };
		D60A801925D49A0500A92832 /* AppReducer.swift in Sources */ = {isa = PBXBuildFile; fileRef = D60A801825D49A0500A92832 /* AppReducer.swift */; };
		D68AA22D25C3750800F0B293 /* FunctionalHelpers.swift in Sources */ = {isa = PBXBuildFile; fileRef = D68AA22C25C3750800F0B293 /* FunctionalHelpers.swift */; };
		D68AA23125C3750900F0B293 /* Assets.xcassets in Resources */ = {isa = PBXBuildFile; fileRef = D68AA23025C3750900F0B293 /* Assets.xcassets */; };
		D68AA23425C3750900F0B293 /* Preview Assets.xcassets in Resources */ = {isa = PBXBuildFile; fileRef = D68AA23325C3750900F0B293 /* Preview Assets.xcassets */; };
		D68AA23F25C3757400F0B293 /* CombineRex in Frameworks */ = {isa = PBXBuildFile; productRef = D68AA23E25C3757400F0B293 /* CombineRex */; };
		D68AA24425C3864300F0B293 /* CounterView.swift in Sources */ = {isa = PBXBuildFile; fileRef = D68AA24325C3864300F0B293 /* CounterView.swift */; };
		D68AA24725C3866C00F0B293 /* ShakeAndCountApp.swift in Sources */ = {isa = PBXBuildFile; fileRef = D68AA24625C3866C00F0B293 /* ShakeAndCountApp.swift */; };
		D68AA24B25C3868F00F0B293 /* CounterViewModel.swift in Sources */ = {isa = PBXBuildFile; fileRef = D68AA24A25C3868F00F0B293 /* CounterViewModel.swift */; };
		D68AA24E25C3870400F0B293 /* AppState.swift in Sources */ = {isa = PBXBuildFile; fileRef = D68AA24D25C3870400F0B293 /* AppState.swift */; };
		D68AA25325C3872D00F0B293 /* AppAction.swift in Sources */ = {isa = PBXBuildFile; fileRef = D68AA25225C3872D00F0B293 /* AppAction.swift */; };
		D68AA25625C3874300F0B293 /* CounterReducer.swift in Sources */ = {isa = PBXBuildFile; fileRef = D68AA25525C3874300F0B293 /* CounterReducer.swift */; };
		D68AA25925C387D100F0B293 /* ShakeMiddleware.swift in Sources */ = {isa = PBXBuildFile; fileRef = D68AA25825C387D100F0B293 /* ShakeMiddleware.swift */; };
		D68AA25C25C3880000F0B293 /* AppLifecycleMiddleware.swift in Sources */ = {isa = PBXBuildFile; fileRef = D68AA25B25C3880000F0B293 /* AppLifecycleMiddleware.swift */; };
		D68AA25F25C3885500F0B293 /* LoggerMiddleware.swift in Sources */ = {isa = PBXBuildFile; fileRef = D68AA25E25C3885500F0B293 /* LoggerMiddleware.swift */; };
		D68AA26225C3887E00F0B293 /* BridgeMiddleware.swift in Sources */ = {isa = PBXBuildFile; fileRef = D68AA26125C3887E00F0B293 /* BridgeMiddleware.swift */; };
		D68AA26525C3889C00F0B293 /* Store.swift in Sources */ = {isa = PBXBuildFile; fileRef = D68AA26425C3889C00F0B293 /* Store.swift */; };
		D6A40B9225D4A3CD0099B7E9 /* RootView.swift in Sources */ = {isa = PBXBuildFile; fileRef = D6A40B9125D4A3CD0099B7E9 /* RootView.swift */; };
/* End PBXBuildFile section */

/* Begin PBXFileReference section */
		D60A800125D4949500A92832 /* CounterAction.swift */ = {isa = PBXFileReference; lastKnownFileType = sourcecode.swift; path = CounterAction.swift; sourceTree = "<group>"; };
		D60A800325D494BD00A92832 /* CounterViewModel+ViewState.swift */ = {isa = PBXFileReference; lastKnownFileType = sourcecode.swift; path = "CounterViewModel+ViewState.swift"; sourceTree = "<group>"; };
		D60A800525D494DB00A92832 /* CounterViewModel+ViewAction.swift */ = {isa = PBXFileReference; lastKnownFileType = sourcecode.swift; path = "CounterViewModel+ViewAction.swift"; sourceTree = "<group>"; };
		D60A800925D4977A00A92832 /* ShakeAction.swift */ = {isa = PBXFileReference; lastKnownFileType = sourcecode.swift; path = ShakeAction.swift; sourceTree = "<group>"; };
		D60A800B25D497B900A92832 /* UIWindow+AttachGesture.swift */ = {isa = PBXFileReference; lastKnownFileType = sourcecode.swift; path = "UIWindow+AttachGesture.swift"; sourceTree = "<group>"; };
		D60A800D25D497DE00A92832 /* NotificationName+ShakeGesture.swift */ = {isa = PBXFileReference; lastKnownFileType = sourcecode.swift; path = "NotificationName+ShakeGesture.swift"; sourceTree = "<group>"; };
		D60A801025D4987300A92832 /* AppLifecycleAction.swift */ = {isa = PBXFileReference; lastKnownFileType = sourcecode.swift; path = AppLifecycleAction.swift; sourceTree = "<group>"; };
		D60A801425D4994F00A92832 /* World.swift */ = {isa = PBXFileReference; lastKnownFileType = sourcecode.swift; path = World.swift; sourceTree = "<group>"; };
		D60A801625D4997F00A92832 /* AppMiddleware.swift */ = {isa = PBXFileReference; lastKnownFileType = sourcecode.swift; path = AppMiddleware.swift; sourceTree = "<group>"; };
		D60A801825D49A0500A92832 /* AppReducer.swift */ = {isa = PBXFileReference; lastKnownFileType = sourcecode.swift; path = AppReducer.swift; sourceTree = "<group>"; };
		D68AA22925C3750800F0B293 /* Shake Example.app */ = {isa = PBXFileReference; explicitFileType = wrapper.application; includeInIndex = 0; path = "Shake Example.app"; sourceTree = BUILT_PRODUCTS_DIR; };
		D68AA22C25C3750800F0B293 /* FunctionalHelpers.swift */ = {isa = PBXFileReference; lastKnownFileType = sourcecode.swift; path = FunctionalHelpers.swift; sourceTree = "<group>"; };
		D68AA23025C3750900F0B293 /* Assets.xcassets */ = {isa = PBXFileReference; lastKnownFileType = folder.assetcatalog; path = Assets.xcassets; sourceTree = "<group>"; };
		D68AA23325C3750900F0B293 /* Preview Assets.xcassets */ = {isa = PBXFileReference; lastKnownFileType = folder.assetcatalog; path = "Preview Assets.xcassets"; sourceTree = "<group>"; };
		D68AA23525C3750900F0B293 /* Info.plist */ = {isa = PBXFileReference; lastKnownFileType = text.plist.xml; path = Info.plist; sourceTree = "<group>"; };
		D68AA24325C3864300F0B293 /* CounterView.swift */ = {isa = PBXFileReference; lastKnownFileType = sourcecode.swift; path = CounterView.swift; sourceTree = "<group>"; };
		D68AA24625C3866C00F0B293 /* ShakeAndCountApp.swift */ = {isa = PBXFileReference; lastKnownFileType = sourcecode.swift; path = ShakeAndCountApp.swift; sourceTree = "<group>"; };
		D68AA24A25C3868F00F0B293 /* CounterViewModel.swift */ = {isa = PBXFileReference; lastKnownFileType = sourcecode.swift; path = CounterViewModel.swift; sourceTree = "<group>"; };
		D68AA24D25C3870400F0B293 /* AppState.swift */ = {isa = PBXFileReference; lastKnownFileType = sourcecode.swift; path = AppState.swift; sourceTree = "<group>"; };
		D68AA25225C3872D00F0B293 /* AppAction.swift */ = {isa = PBXFileReference; lastKnownFileType = sourcecode.swift; path = AppAction.swift; sourceTree = "<group>"; };
		D68AA25525C3874300F0B293 /* CounterReducer.swift */ = {isa = PBXFileReference; lastKnownFileType = sourcecode.swift; path = CounterReducer.swift; sourceTree = "<group>"; };
		D68AA25825C387D100F0B293 /* ShakeMiddleware.swift */ = {isa = PBXFileReference; lastKnownFileType = sourcecode.swift; path = ShakeMiddleware.swift; sourceTree = "<group>"; };
		D68AA25B25C3880000F0B293 /* AppLifecycleMiddleware.swift */ = {isa = PBXFileReference; lastKnownFileType = sourcecode.swift; path = AppLifecycleMiddleware.swift; sourceTree = "<group>"; };
		D68AA25E25C3885500F0B293 /* LoggerMiddleware.swift */ = {isa = PBXFileReference; lastKnownFileType = sourcecode.swift; path = LoggerMiddleware.swift; sourceTree = "<group>"; };
		D68AA26125C3887E00F0B293 /* BridgeMiddleware.swift */ = {isa = PBXFileReference; lastKnownFileType = sourcecode.swift; path = BridgeMiddleware.swift; sourceTree = "<group>"; };
		D68AA26425C3889C00F0B293 /* Store.swift */ = {isa = PBXFileReference; lastKnownFileType = sourcecode.swift; path = Store.swift; sourceTree = "<group>"; };
		D6A40B9125D4A3CD0099B7E9 /* RootView.swift */ = {isa = PBXFileReference; lastKnownFileType = sourcecode.swift; path = RootView.swift; sourceTree = "<group>"; };
/* End PBXFileReference section */

/* Begin PBXFrameworksBuildPhase section */
		D68AA22625C3750800F0B293 /* Frameworks */ = {
			isa = PBXFrameworksBuildPhase;
			buildActionMask = 2147483647;
			files = (
				D68AA23F25C3757400F0B293 /* CombineRex in Frameworks */,
			);
			runOnlyForDeploymentPostprocessing = 0;
		};
/* End PBXFrameworksBuildPhase section */

/* Begin PBXGroup section */
		D60A800025D4947C00A92832 /* Counter */ = {
			isa = PBXGroup;
			children = (
				D60A800125D4949500A92832 /* CounterAction.swift */,
				D68AA25525C3874300F0B293 /* CounterReducer.swift */,
			);
			path = Counter;
			sourceTree = "<group>";
		};
		D60A800725D4974500A92832 /* Logger */ = {
			isa = PBXGroup;
			children = (
				D68AA25E25C3885500F0B293 /* LoggerMiddleware.swift */,
			);
			path = Logger;
			sourceTree = "<group>";
		};
		D60A800825D4976200A92832 /* Shake */ = {
			isa = PBXGroup;
			children = (
				D60A800D25D497DE00A92832 /* NotificationName+ShakeGesture.swift */,
				D60A800925D4977A00A92832 /* ShakeAction.swift */,
				D68AA25825C387D100F0B293 /* ShakeMiddleware.swift */,
				D60A800B25D497B900A92832 /* UIWindow+AttachGesture.swift */,
			);
			path = Shake;
			sourceTree = "<group>";
		};
		D60A800F25D4986000A92832 /* AppLifecycle */ = {
			isa = PBXGroup;
			children = (
				D60A801025D4987300A92832 /* AppLifecycleAction.swift */,
				D68AA25B25C3880000F0B293 /* AppLifecycleMiddleware.swift */,
			);
			path = AppLifecycle;
			sourceTree = "<group>";
		};
		D60A801225D498A400A92832 /* BridgeMiddleware */ = {
			isa = PBXGroup;
			children = (
				D68AA26125C3887E00F0B293 /* BridgeMiddleware.swift */,
			);
			path = BridgeMiddleware;
			sourceTree = "<group>";
		};
		D60A801325D4993B00A92832 /* Store */ = {
			isa = PBXGroup;
			children = (
				D68AA25225C3872D00F0B293 /* AppAction.swift */,
				D60A801625D4997F00A92832 /* AppMiddleware.swift */,
				D60A801825D49A0500A92832 /* AppReducer.swift */,
				D68AA24D25C3870400F0B293 /* AppState.swift */,
				D68AA26425C3889C00F0B293 /* Store.swift */,
				D60A801425D4994F00A92832 /* World.swift */,
			);
			path = Store;
			sourceTree = "<group>";
		};
		D68AA22025C3750800F0B293 = {
			isa = PBXGroup;
			children = (
				D68AA22B25C3750800F0B293 /* Shake Example */,
				D68AA22A25C3750800F0B293 /* Products */,
			);
			sourceTree = "<group>";
		};
		D68AA22A25C3750800F0B293 /* Products */ = {
			isa = PBXGroup;
			children = (
				D68AA22925C3750800F0B293 /* Shake Example.app */,
			);
			name = Products;
			sourceTree = "<group>";
		};
		D68AA22B25C3750800F0B293 /* Shake Example */ = {
			isa = PBXGroup;
			children = (
				D68AA24125C3861D00F0B293 /* Counter */,
				D68AA25025C3870900F0B293 /* Redux */,
				D68AA22C25C3750800F0B293 /* FunctionalHelpers.swift */,
				D6A40B9125D4A3CD0099B7E9 /* RootView.swift */,
				D68AA24625C3866C00F0B293 /* ShakeAndCountApp.swift */,
				D68AA23025C3750900F0B293 /* Assets.xcassets */,
				D68AA23525C3750900F0B293 /* Info.plist */,
				D68AA23225C3750900F0B293 /* Preview Content */,
			);
			path = "Shake Example";
			sourceTree = "<group>";
		};
		D68AA23225C3750900F0B293 /* Preview Content */ = {
			isa = PBXGroup;
			children = (
				D68AA23325C3750900F0B293 /* Preview Assets.xcassets */,
			);
			path = "Preview Content";
			sourceTree = "<group>";
		};
		D68AA24125C3861D00F0B293 /* Counter */ = {
			isa = PBXGroup;
			children = (
				D68AA24325C3864300F0B293 /* CounterView.swift */,
				D68AA24A25C3868F00F0B293 /* CounterViewModel.swift */,
				D60A800325D494BD00A92832 /* CounterViewModel+ViewState.swift */,
				D60A800525D494DB00A92832 /* CounterViewModel+ViewAction.swift */,
			);
			path = Counter;
			sourceTree = "<group>";
		};
		D68AA25025C3870900F0B293 /* Redux */ = {
			isa = PBXGroup;
			children = (
				D60A800F25D4986000A92832 /* AppLifecycle */,
				D60A801225D498A400A92832 /* BridgeMiddleware */,
				D60A800025D4947C00A92832 /* Counter */,
				D60A800725D4974500A92832 /* Logger */,
				D60A800825D4976200A92832 /* Shake */,
				D60A801325D4993B00A92832 /* Store */,
			);
			path = Redux;
			sourceTree = "<group>";
		};
/* End PBXGroup section */

/* Begin PBXNativeTarget section */
		D68AA22825C3750800F0B293 /* Shake Example */ = {
			isa = PBXNativeTarget;
			buildConfigurationList = D68AA23825C3750900F0B293 /* Build configuration list for PBXNativeTarget "Shake Example" */;
			buildPhases = (
				D68AA22525C3750800F0B293 /* Sources */,
				D68AA22625C3750800F0B293 /* Frameworks */,
				D68AA22725C3750800F0B293 /* Resources */,
			);
			buildRules = (
			);
			dependencies = (
			);
			name = "Shake Example";
			packageProductDependencies = (
				D68AA23E25C3757400F0B293 /* CombineRex */,
			);
			productName = "Shake Example";
			productReference = D68AA22925C3750800F0B293 /* Shake Example.app */;
			productType = "com.apple.product-type.application";
		};
/* End PBXNativeTarget section */

/* Begin PBXProject section */
		D68AA22125C3750800F0B293 /* Project object */ = {
			isa = PBXProject;
			attributes = {
				LastSwiftUpdateCheck = 1240;
				LastUpgradeCheck = 1240;
				TargetAttributes = {
					D68AA22825C3750800F0B293 = {
						CreatedOnToolsVersion = 12.4;
					};
				};
			};
			buildConfigurationList = D68AA22425C3750800F0B293 /* Build configuration list for PBXProject "Shake Example" */;
			compatibilityVersion = "Xcode 9.3";
			developmentRegion = en;
			hasScannedForEncodings = 0;
			knownRegions = (
				en,
				Base,
			);
			mainGroup = D68AA22025C3750800F0B293;
			packageReferences = (
				D68AA23D25C3757400F0B293 /* XCRemoteSwiftPackageReference "SwiftRex" */,
			);
			productRefGroup = D68AA22A25C3750800F0B293 /* Products */;
			projectDirPath = "";
			projectRoot = "";
			targets = (
				D68AA22825C3750800F0B293 /* Shake Example */,
			);
		};
/* End PBXProject section */

/* Begin PBXResourcesBuildPhase section */
		D68AA22725C3750800F0B293 /* Resources */ = {
			isa = PBXResourcesBuildPhase;
			buildActionMask = 2147483647;
			files = (
				D68AA23425C3750900F0B293 /* Preview Assets.xcassets in Resources */,
				D68AA23125C3750900F0B293 /* Assets.xcassets in Resources */,
			);
			runOnlyForDeploymentPostprocessing = 0;
		};
/* End PBXResourcesBuildPhase section */

/* Begin PBXSourcesBuildPhase section */
		D68AA22525C3750800F0B293 /* Sources */ = {
			isa = PBXSourcesBuildPhase;
			buildActionMask = 2147483647;
			files = (
				D60A800225D4949500A92832 /* CounterAction.swift in Sources */,
				D6A40B9225D4A3CD0099B7E9 /* RootView.swift in Sources */,
				D68AA26225C3887E00F0B293 /* BridgeMiddleware.swift in Sources */,
				D60A800425D494BD00A92832 /* CounterViewModel+ViewState.swift in Sources */,
				D60A801125D4987300A92832 /* AppLifecycleAction.swift in Sources */,
				D68AA24725C3866C00F0B293 /* ShakeAndCountApp.swift in Sources */,
				D60A800E25D497DE00A92832 /* NotificationName+ShakeGesture.swift in Sources */,
				D68AA25F25C3885500F0B293 /* LoggerMiddleware.swift in Sources */,
				D68AA26525C3889C00F0B293 /* Store.swift in Sources */,
				D60A800A25D4977A00A92832 /* ShakeAction.swift in Sources */,
				D68AA25325C3872D00F0B293 /* AppAction.swift in Sources */,
				D60A801725D4997F00A92832 /* AppMiddleware.swift in Sources */,
				D68AA25925C387D100F0B293 /* ShakeMiddleware.swift in Sources */,
				D60A801925D49A0500A92832 /* AppReducer.swift in Sources */,
				D68AA24E25C3870400F0B293 /* AppState.swift in Sources */,
				D68AA24B25C3868F00F0B293 /* CounterViewModel.swift in Sources */,
				D68AA22D25C3750800F0B293 /* FunctionalHelpers.swift in Sources */,
				D60A801525D4994F00A92832 /* World.swift in Sources */,
				D68AA25C25C3880000F0B293 /* AppLifecycleMiddleware.swift in Sources */,
				D68AA25625C3874300F0B293 /* CounterReducer.swift in Sources */,
				D60A800625D494DB00A92832 /* CounterViewModel+ViewAction.swift in Sources */,
				D68AA24425C3864300F0B293 /* CounterView.swift in Sources */,
				D60A800C25D497B900A92832 /* UIWindow+AttachGesture.swift in Sources */,
			);
			runOnlyForDeploymentPostprocessing = 0;
		};
/* End PBXSourcesBuildPhase section */

/* Begin XCBuildConfiguration section */
		D68AA23625C3750900F0B293 /* Debug */ = {
			isa = XCBuildConfiguration;
			buildSettings = {
				ALWAYS_SEARCH_USER_PATHS = NO;
				CLANG_ANALYZER_NONNULL = YES;
				CLANG_ANALYZER_NUMBER_OBJECT_CONVERSION = YES_AGGRESSIVE;
				CLANG_CXX_LANGUAGE_STANDARD = "gnu++14";
				CLANG_CXX_LIBRARY = "libc++";
				CLANG_ENABLE_MODULES = YES;
				CLANG_ENABLE_OBJC_ARC = YES;
				CLANG_ENABLE_OBJC_WEAK = YES;
				CLANG_WARN_BLOCK_CAPTURE_AUTORELEASING = YES;
				CLANG_WARN_BOOL_CONVERSION = YES;
				CLANG_WARN_COMMA = YES;
				CLANG_WARN_CONSTANT_CONVERSION = YES;
				CLANG_WARN_DEPRECATED_OBJC_IMPLEMENTATIONS = YES;
				CLANG_WARN_DIRECT_OBJC_ISA_USAGE = YES_ERROR;
				CLANG_WARN_DOCUMENTATION_COMMENTS = YES;
				CLANG_WARN_EMPTY_BODY = YES;
				CLANG_WARN_ENUM_CONVERSION = YES;
				CLANG_WARN_INFINITE_RECURSION = YES;
				CLANG_WARN_INT_CONVERSION = YES;
				CLANG_WARN_NON_LITERAL_NULL_CONVERSION = YES;
				CLANG_WARN_OBJC_IMPLICIT_RETAIN_SELF = YES;
				CLANG_WARN_OBJC_LITERAL_CONVERSION = YES;
				CLANG_WARN_OBJC_ROOT_CLASS = YES_ERROR;
				CLANG_WARN_QUOTED_INCLUDE_IN_FRAMEWORK_HEADER = YES;
				CLANG_WARN_RANGE_LOOP_ANALYSIS = YES;
				CLANG_WARN_STRICT_PROTOTYPES = YES;
				CLANG_WARN_SUSPICIOUS_MOVE = YES;
				CLANG_WARN_UNGUARDED_AVAILABILITY = YES_AGGRESSIVE;
				CLANG_WARN_UNREACHABLE_CODE = YES;
				CLANG_WARN__DUPLICATE_METHOD_MATCH = YES;
				COPY_PHASE_STRIP = NO;
				DEBUG_INFORMATION_FORMAT = dwarf;
				ENABLE_STRICT_OBJC_MSGSEND = YES;
				ENABLE_TESTABILITY = YES;
				GCC_C_LANGUAGE_STANDARD = gnu11;
				GCC_DYNAMIC_NO_PIC = NO;
				GCC_NO_COMMON_BLOCKS = YES;
				GCC_OPTIMIZATION_LEVEL = 0;
				GCC_PREPROCESSOR_DEFINITIONS = (
					"DEBUG=1",
					"$(inherited)",
				);
				GCC_WARN_64_TO_32_BIT_CONVERSION = YES;
				GCC_WARN_ABOUT_RETURN_TYPE = YES_ERROR;
				GCC_WARN_UNDECLARED_SELECTOR = YES;
				GCC_WARN_UNINITIALIZED_AUTOS = YES_AGGRESSIVE;
				GCC_WARN_UNUSED_FUNCTION = YES;
				GCC_WARN_UNUSED_VARIABLE = YES;
				IPHONEOS_DEPLOYMENT_TARGET = 14.4;
				MTL_ENABLE_DEBUG_INFO = INCLUDE_SOURCE;
				MTL_FAST_MATH = YES;
				ONLY_ACTIVE_ARCH = YES;
				SDKROOT = iphoneos;
				SWIFT_ACTIVE_COMPILATION_CONDITIONS = DEBUG;
				SWIFT_OPTIMIZATION_LEVEL = "-Onone";
			};
			name = Debug;
		};
		D68AA23725C3750900F0B293 /* Release */ = {
			isa = XCBuildConfiguration;
			buildSettings = {
				ALWAYS_SEARCH_USER_PATHS = NO;
				CLANG_ANALYZER_NONNULL = YES;
				CLANG_ANALYZER_NUMBER_OBJECT_CONVERSION = YES_AGGRESSIVE;
				CLANG_CXX_LANGUAGE_STANDARD = "gnu++14";
				CLANG_CXX_LIBRARY = "libc++";
				CLANG_ENABLE_MODULES = YES;
				CLANG_ENABLE_OBJC_ARC = YES;
				CLANG_ENABLE_OBJC_WEAK = YES;
				CLANG_WARN_BLOCK_CAPTURE_AUTORELEASING = YES;
				CLANG_WARN_BOOL_CONVERSION = YES;
				CLANG_WARN_COMMA = YES;
				CLANG_WARN_CONSTANT_CONVERSION = YES;
				CLANG_WARN_DEPRECATED_OBJC_IMPLEMENTATIONS = YES;
				CLANG_WARN_DIRECT_OBJC_ISA_USAGE = YES_ERROR;
				CLANG_WARN_DOCUMENTATION_COMMENTS = YES;
				CLANG_WARN_EMPTY_BODY = YES;
				CLANG_WARN_ENUM_CONVERSION = YES;
				CLANG_WARN_INFINITE_RECURSION = YES;
				CLANG_WARN_INT_CONVERSION = YES;
				CLANG_WARN_NON_LITERAL_NULL_CONVERSION = YES;
				CLANG_WARN_OBJC_IMPLICIT_RETAIN_SELF = YES;
				CLANG_WARN_OBJC_LITERAL_CONVERSION = YES;
				CLANG_WARN_OBJC_ROOT_CLASS = YES_ERROR;
				CLANG_WARN_QUOTED_INCLUDE_IN_FRAMEWORK_HEADER = YES;
				CLANG_WARN_RANGE_LOOP_ANALYSIS = YES;
				CLANG_WARN_STRICT_PROTOTYPES = YES;
				CLANG_WARN_SUSPICIOUS_MOVE = YES;
				CLANG_WARN_UNGUARDED_AVAILABILITY = YES_AGGRESSIVE;
				CLANG_WARN_UNREACHABLE_CODE = YES;
				CLANG_WARN__DUPLICATE_METHOD_MATCH = YES;
				COPY_PHASE_STRIP = NO;
				DEBUG_INFORMATION_FORMAT = "dwarf-with-dsym";
				ENABLE_NS_ASSERTIONS = NO;
				ENABLE_STRICT_OBJC_MSGSEND = YES;
				GCC_C_LANGUAGE_STANDARD = gnu11;
				GCC_NO_COMMON_BLOCKS = YES;
				GCC_WARN_64_TO_32_BIT_CONVERSION = YES;
				GCC_WARN_ABOUT_RETURN_TYPE = YES_ERROR;
				GCC_WARN_UNDECLARED_SELECTOR = YES;
				GCC_WARN_UNINITIALIZED_AUTOS = YES_AGGRESSIVE;
				GCC_WARN_UNUSED_FUNCTION = YES;
				GCC_WARN_UNUSED_VARIABLE = YES;
				IPHONEOS_DEPLOYMENT_TARGET = 14.4;
				MTL_ENABLE_DEBUG_INFO = NO;
				MTL_FAST_MATH = YES;
				SDKROOT = iphoneos;
				SWIFT_COMPILATION_MODE = wholemodule;
				SWIFT_OPTIMIZATION_LEVEL = "-O";
				VALIDATE_PRODUCT = YES;
			};
			name = Release;
		};
		D68AA23925C3750900F0B293 /* Debug */ = {
			isa = XCBuildConfiguration;
			buildSettings = {
				ASSETCATALOG_COMPILER_APPICON_NAME = AppIcon;
				ASSETCATALOG_COMPILER_GLOBAL_ACCENT_COLOR_NAME = AccentColor;
				CODE_SIGN_STYLE = Automatic;
				DEVELOPMENT_ASSET_PATHS = "\"Shake Example/Preview Content\"";
				DEVELOPMENT_TEAM = 7BK8NL3DYL;
				ENABLE_PREVIEWS = YES;
				INFOPLIST_FILE = "Shake Example/Info.plist";
				IPHONEOS_DEPLOYMENT_TARGET = 14.0;
				LD_RUNPATH_SEARCH_PATHS = (
					"$(inherited)",
					"@executable_path/Frameworks",
				);
				PRODUCT_BUNDLE_IDENTIFIER = "de.developercity.Shake-Example";
				PRODUCT_NAME = "$(TARGET_NAME)";
				SWIFT_VERSION = 5.0;
				TARGETED_DEVICE_FAMILY = "1,2";
			};
			name = Debug;
		};
		D68AA23A25C3750900F0B293 /* Release */ = {
			isa = XCBuildConfiguration;
			buildSettings = {
				ASSETCATALOG_COMPILER_APPICON_NAME = AppIcon;
				ASSETCATALOG_COMPILER_GLOBAL_ACCENT_COLOR_NAME = AccentColor;
				CODE_SIGN_STYLE = Automatic;
				DEVELOPMENT_ASSET_PATHS = "\"Shake Example/Preview Content\"";
				DEVELOPMENT_TEAM = 7BK8NL3DYL;
				ENABLE_PREVIEWS = YES;
				INFOPLIST_FILE = "Shake Example/Info.plist";
				IPHONEOS_DEPLOYMENT_TARGET = 14.0;
				LD_RUNPATH_SEARCH_PATHS = (
					"$(inherited)",
					"@executable_path/Frameworks",
				);
				PRODUCT_BUNDLE_IDENTIFIER = "de.developercity.Shake-Example";
				PRODUCT_NAME = "$(TARGET_NAME)";
				SWIFT_VERSION = 5.0;
				TARGETED_DEVICE_FAMILY = "1,2";
			};
			name = Release;
		};
/* End XCBuildConfiguration section */

/* Begin XCConfigurationList section */
		D68AA22425C3750800F0B293 /* Build configuration list for PBXProject "Shake Example" */ = {
			isa = XCConfigurationList;
			buildConfigurations = (
				D68AA23625C3750900F0B293 /* Debug */,
				D68AA23725C3750900F0B293 /* Release */,
			);
			defaultConfigurationIsVisible = 0;
			defaultConfigurationName = Release;
		};
		D68AA23825C3750900F0B293 /* Build configuration list for PBXNativeTarget "Shake Example" */ = {
			isa = XCConfigurationList;
			buildConfigurations = (
				D68AA23925C3750900F0B293 /* Debug */,
				D68AA23A25C3750900F0B293 /* Release */,
			);
			defaultConfigurationIsVisible = 0;
			defaultConfigurationName = Release;
		};
/* End XCConfigurationList section */

/* Begin XCRemoteSwiftPackageReference section */
		D68AA23D25C3757400F0B293 /* XCRemoteSwiftPackageReference "SwiftRex" */ = {
			isa = XCRemoteSwiftPackageReference;
			repositoryURL = "https://github.com/SwiftRex/SwiftRex.git";
			requirement = {
				kind = upToNextMajorVersion;
				minimumVersion = 0.8.2;
			};
		};
/* End XCRemoteSwiftPackageReference section */

/* Begin XCSwiftPackageProductDependency section */
		D68AA23E25C3757400F0B293 /* CombineRex */ = {
			isa = XCSwiftPackageProductDependency;
			package = D68AA23D25C3757400F0B293 /* XCRemoteSwiftPackageReference "SwiftRex" */;
			productName = CombineRex;
		};
/* End XCSwiftPackageProductDependency section */
	};
	rootObject = D68AA22125C3750800F0B293 /* Project object */;
}
